<?xml version="1.0" encoding="UTF-8" standalone="yes" ?>
<CodeBlocks_project_file>
	<FileVersion major="1" minor="6" />
	<Project>
		<Option title="evct" />
		<Option pch_mode="2" />
		<Option compiler="gcc" />
		<Build>
			<Target title="Debug">
				<Option output="bin/Debug/evct" prefix_auto="1" extension_auto="1" />
				<Option object_output="obj/Debug/" />
				<Option type="1" />
				<Option compiler="cygwin" />
				<Option parameters="test.txt" />
				<Compiler>
					<Add option="-g" />
				</Compiler>
				<ExtraCommands>
					<Add after="sh -c &apos;mkdir -p bin/Debug/" />
					<Add after="cp evct.conf bin/Debug/" />
					<Add after="cp gui.py bin/Debug/" />
					<Add after="cp test.txt bin/Debug/" />
					<Add after="cp start_ui.bat bin/Debug/&apos;" />
					<Mode after="always" />
				</ExtraCommands>
			</Target>
			<Target title="Release">
				<Option output="bin/Release/evct" prefix_auto="1" extension_auto="1" />
				<Option object_output="obj/Release/" />
				<Option type="1" />
				<Option compiler="cygwin" />
				<Option parameters="test.txt" />
				<Compiler>
					<Add option="-O2" />
				</Compiler>
				<Linker>
					<Add option="-s" />
				</Linker>
				<ExtraCommands>
					<Add after="sh -c &apos;mkdir -p bin/Release/" />
					<Add after="cp evct.conf bin/Release/" />
					<Add after="cp gui.py bin/Release/" />
					<Add after="cp test.txt bin/Release/" />
					<Add after="cp start_ui.bat bin/Release/&apos;" />
					<Mode after="always" />
				</ExtraCommands>
			</Target>
		</Build>
		<Compiler>
			<Add option="-Wall" />
			<Add option="-fexceptions" />
		</Compiler>
		<Unit filename="README.md" />
		<Unit filename="editor.cpp">
			<Option compile="0" />
			<Option link="0" />
		</Unit>
		<Unit filename="evct.conf" />
		<Unit filename="global.hpp" />
		<Unit filename="gui.py" />
		<Unit filename="init.cpp">
			<Option compile="0" />
			<Option link="0" />
		</Unit>
		<Unit filename="main.cpp" />
		<Unit filename="test.txt" />
		<Extensions>
			<lib_finder disable_auto="1" />
		</Extensions>
	</Project>
</CodeBlocks_project_file>
